
Microsoft Visual Studio Solution File, Format Version 12.00
# Visual Studio Version 16
VisualStudioVersion = 16.0.31729.503
MinimumVisualStudioVersion = 10.0.40219.1
Project("{FAE04EC0-301F-11D3-BF4B-00C04F79EFBC}") = "lb2_spz", "lb2_spz\lb2_spz.csproj", "{ABD8FEFC-AB48-4B05-8C70-FFACBE606543}"
EndProject
Global
	GlobalSection(SolutionConfigurationPlatforms) = preSolution
		Debug|Any CPU = Debug|Any CPU
		Release|Any CPU = Release|Any CPU
	EndGlobalSection
	GlobalSection(ProjectConfigurationPlatforms) = postSolution
		{ABD8FEFC-AB48-4B05-8C70-FFACBE606543}.Debug|Any CPU.ActiveCfg = Debug|Any CPU
		{ABD8FEFC-AB48-4B05-8C70-FFACBE606543}.Debug|Any CPU.Build.0 = Debug|Any CPU
		{ABD8FEFC-AB48-4B05-8C70-FFACBE606543}.Release|Any CPU.ActiveCfg = Release|Any CPU
		{ABD8FEFC-AB48-4B05-8C70-FFACBE606543}.Release|Any CPU.Build.0 = Release|Any CPU
	EndGlobalSection
	GlobalSection(SolutionProperties) = preSolution
		HideSolutionNode = FALSE
	EndGlobalSection
	GlobalSection(ExtensibilityGlobals) = postSolution
		SolutionGuid = {B75C8E1A-A508-4DCE-9E47-251D3DE85F38}
	EndGlobalSection
EndGlobal
